
Microsoft Visual Studio Solution File, Format Version 12.00
# Visual Studio 15
VisualStudioVersion = 15.0.27130.2024
MinimumVisualStudioVersion = 10.0.40219.1
Project("{FAE04EC0-301F-11D3-BF4B-00C04F79EFBC}") = "GoogleDriveHelper.Helper", "GoogleDriveHelper.Helper\GoogleDriveHelper.Helper.csproj", "{337005D6-4EDC-4C73-ADCA-0F6753D94C8D}"
EndProject
Global
	GlobalSection(SolutionConfigurationPlatforms) = preSolution
		Debug|Any CPU = Debug|Any CPU
		Release|Any CPU = Release|Any CPU
	EndGlobalSection
	GlobalSection(ProjectConfigurationPlatforms) = postSolution
		{337005D6-4EDC-4C73-ADCA-0F6753D94C8D}.Debug|Any CPU.ActiveCfg = Debug|Any CPU
		{337005D6-4EDC-4C73-ADCA-0F6753D94C8D}.Debug|Any CPU.Build.0 = Debug|Any CPU
		{337005D6-4EDC-4C73-ADCA-0F6753D94C8D}.Release|Any CPU.ActiveCfg = Release|Any CPU
		{337005D6-4EDC-4C73-ADCA-0F6753D94C8D}.Release|Any CPU.Build.0 = Release|Any CPU
	EndGlobalSection
	GlobalSection(SolutionProperties) = preSolution
		HideSolutionNode = FALSE
	EndGlobalSection
	GlobalSection(ExtensibilityGlobals) = postSolution
		SolutionGuid = {FF76CE71-D904-46F4-B100-F422A3EAD366}
	EndGlobalSection
EndGlobal
