
Microsoft Visual Studio Solution File, Format Version 12.00
# Visual Studio 15
VisualStudioVersion = 15.0.27130.2024
MinimumVisualStudioVersion = 10.0.40219.1
Project("{FAE04EC0-301F-11D3-BF4B-00C04F79EFBC}") = "GoogleDriveHelper.Helper", "GoogleDriveHelper.Helper\GoogleDriveHelper.Helper.csproj", "{337005D6-4EDC-4C73-ADCA-0F6753D94C8D}"
EndProject
Project("{FAE04EC0-301F-11D3-BF4B-00C04F79EFBC}") = "GetOutputFromCMD", "GetOutputFromCMD\GetOutputFromCMD.csproj", "{634EF789-56C0-4C6F-9665-FC9C6C294D80}"
EndProject
Project("{FAE04EC0-301F-11D3-BF4B-00C04F79EFBC}") = "GoogleDriveHelper.CopyTool", "GoogleDriveHelper.CopyTool\GoogleDriveHelper.CopyTool.csproj", "{77C43108-C528-4403-8390-911A41652C84}"
EndProject
Global
	GlobalSection(SolutionConfigurationPlatforms) = preSolution
		Debug|Any CPU = Debug|Any CPU
		Release|Any CPU = Release|Any CPU
	EndGlobalSection
	GlobalSection(ProjectConfigurationPlatforms) = postSolution
		{337005D6-4EDC-4C73-ADCA-0F6753D94C8D}.Debug|Any CPU.ActiveCfg = Debug|Any CPU
		{337005D6-4EDC-4C73-ADCA-0F6753D94C8D}.Debug|Any CPU.Build.0 = Debug|Any CPU
		{337005D6-4EDC-4C73-ADCA-0F6753D94C8D}.Release|Any CPU.ActiveCfg = Release|Any CPU
		{337005D6-4EDC-4C73-ADCA-0F6753D94C8D}.Release|Any CPU.Build.0 = Release|Any CPU
		{634EF789-56C0-4C6F-9665-FC9C6C294D80}.Debug|Any CPU.ActiveCfg = Debug|Any CPU
		{634EF789-56C0-4C6F-9665-FC9C6C294D80}.Debug|Any CPU.Build.0 = Debug|Any CPU
		{634EF789-56C0-4C6F-9665-FC9C6C294D80}.Release|Any CPU.ActiveCfg = Release|Any CPU
		{634EF789-56C0-4C6F-9665-FC9C6C294D80}.Release|Any CPU.Build.0 = Release|Any CPU
		{77C43108-C528-4403-8390-911A41652C84}.Debug|Any CPU.ActiveCfg = Debug|Any CPU
		{77C43108-C528-4403-8390-911A41652C84}.Debug|Any CPU.Build.0 = Debug|Any CPU
		{77C43108-C528-4403-8390-911A41652C84}.Release|Any CPU.ActiveCfg = Release|Any CPU
		{77C43108-C528-4403-8390-911A41652C84}.Release|Any CPU.Build.0 = Release|Any CPU
	EndGlobalSection
	GlobalSection(SolutionProperties) = preSolution
		HideSolutionNode = FALSE
	EndGlobalSection
	GlobalSection(ExtensibilityGlobals) = postSolution
		SolutionGuid = {FF76CE71-D904-46F4-B100-F422A3EAD366}
	EndGlobalSection
EndGlobal
